
Microsoft Visual Studio Solution File, Format Version 12.00
# Visual Studio 14
VisualStudioVersion = 14.0.25420.1
MinimumVisualStudioVersion = 10.0.40219.1
Project("{00D1A9C2-B5F0-4AF3-8072-F6C62B433612}") = "TestDatabase", "TestDatabase\TestDatabase.sqlproj", "{26A0D3F6-6D83-4223-A306-8FEE90D886E0}"
EndProject
Project("{2150E333-8FDC-42A3-9474-1A3956D46DE8}") = "Domain", "Domain", "{B00215D6-2FD5-443E-BA61-7CE070148FA1}"
EndProject
Project("{2150E333-8FDC-42A3-9474-1A3956D46DE8}") = "Mapping", "Mapping", "{546340A7-A74C-44CD-8E54-0FF25A621BCD}"
EndProject
Project("{2150E333-8FDC-42A3-9474-1A3956D46DE8}") = "Repository", "Repository", "{D18D3AFF-FC6A-4899-903D-ADA9D84AF756}"
EndProject
Project("{2150E333-8FDC-42A3-9474-1A3956D46DE8}") = "ConnectionInfo", "ConnectionInfo", "{E862C0A8-304E-4E29-8854-23CA1D2A07B2}"
EndProject
Project("{2150E333-8FDC-42A3-9474-1A3956D46DE8}") = "DataTransferObjects", "DataTransferObjects", "{30AB2B1B-0B93-4BC8-A5D0-674514311251}"
EndProject
Project("{2150E333-8FDC-42A3-9474-1A3956D46DE8}") = "BusinessLayer", "BusinessLayer", "{C6835E4C-8B78-42D9-9043-8110FD1ECF95}"
EndProject
Project("{FAE04EC0-301F-11D3-BF4B-00C04F79EFBC}") = "DTO.Customers", "DataTransferObjects\DTO.Customers\DTO.Customers.csproj", "{1BC1AE1E-D804-48F4-BB2C-7AC07BB47945}"
EndProject
Project("{FAE04EC0-301F-11D3-BF4B-00C04F79EFBC}") = "Domain.Audit", "Domain\Domain.Audit\Domain.Audit.csproj", "{4EA595D9-1F0C-444A-A53C-44A5CBEA6D39}"
EndProject
Project("{FAE04EC0-301F-11D3-BF4B-00C04F79EFBC}") = "Domain.Customers", "Domain\Domain.Customer\Domain.Customers.csproj", "{EACC5242-5278-4AE3-9AB7-CBB40786E970}"
EndProject
Project("{FAE04EC0-301F-11D3-BF4B-00C04F79EFBC}") = "BusinessLayer.Customers", "BusinessLayer\BusinessLayer.Customers\BusinessLayer.Customers.csproj", "{AB2B1806-43F5-4C14-9C79-969C1EC10B85}"
	ProjectSection(ProjectDependencies) = postProject
		{176AF812-811A-44D3-AE15-8E58E4A0E799} = {176AF812-811A-44D3-AE15-8E58E4A0E799}
		{25734A17-0D2F-42A2-87C6-1AE1DCCB9CE4} = {25734A17-0D2F-42A2-87C6-1AE1DCCB9CE4}
		{EACC5242-5278-4AE3-9AB7-CBB40786E970} = {EACC5242-5278-4AE3-9AB7-CBB40786E970}
		{31D92843-8E00-4F80-ACB7-C8C53CFFD0B2} = {31D92843-8E00-4F80-ACB7-C8C53CFFD0B2}
	EndProjectSection
EndProject
Project("{FAE04EC0-301F-11D3-BF4B-00C04F79EFBC}") = "NHibernateSetup", "Connection\NHibernateConnection\NHibernateSetup.csproj", "{176AF812-811A-44D3-AE15-8E58E4A0E799}"
	ProjectSection(ProjectDependencies) = postProject
		{25734A17-0D2F-42A2-87C6-1AE1DCCB9CE4} = {25734A17-0D2F-42A2-87C6-1AE1DCCB9CE4}
		{EACC5242-5278-4AE3-9AB7-CBB40786E970} = {EACC5242-5278-4AE3-9AB7-CBB40786E970}
	EndProjectSection
EndProject
Project("{FAE04EC0-301F-11D3-BF4B-00C04F79EFBC}") = "Repo.Audit", "Repository\Repo.Audit\Repo.Audit.csproj", "{BBBE0F0F-7121-4F46-9240-D605DD4B8620}"
EndProject
Project("{FAE04EC0-301F-11D3-BF4B-00C04F79EFBC}") = "Repo.Customers", "Repository\Repo.Customers\Repo.Customers.csproj", "{31D92843-8E00-4F80-ACB7-C8C53CFFD0B2}"
	ProjectSection(ProjectDependencies) = postProject
		{176AF812-811A-44D3-AE15-8E58E4A0E799} = {176AF812-811A-44D3-AE15-8E58E4A0E799}
		{25734A17-0D2F-42A2-87C6-1AE1DCCB9CE4} = {25734A17-0D2F-42A2-87C6-1AE1DCCB9CE4}
		{EACC5242-5278-4AE3-9AB7-CBB40786E970} = {EACC5242-5278-4AE3-9AB7-CBB40786E970}
	EndProjectSection
EndProject
Project("{FAE04EC0-301F-11D3-BF4B-00C04F79EFBC}") = "Map.Audit", "Map\Map.Audit\Map.Audit.csproj", "{B88D7BB3-C25C-40F8-9087-2AA373CB7493}"
EndProject
Project("{FAE04EC0-301F-11D3-BF4B-00C04F79EFBC}") = "Map.Customers", "Map\Map.Customers\Map.Customers.csproj", "{25734A17-0D2F-42A2-87C6-1AE1DCCB9CE4}"
EndProject
Project("{FAE04EC0-301F-11D3-BF4B-00C04F79EFBC}") = "ConsoleApplication1", "ConsoleApplication1\ConsoleApplication1.csproj", "{62AB1CE3-B42B-461D-936B-EBF38440FCAB}"
	ProjectSection(ProjectDependencies) = postProject
		{AB2B1806-43F5-4C14-9C79-969C1EC10B85} = {AB2B1806-43F5-4C14-9C79-969C1EC10B85}
		{1BC1AE1E-D804-48F4-BB2C-7AC07BB47945} = {1BC1AE1E-D804-48F4-BB2C-7AC07BB47945}
	EndProjectSection
EndProject
Project("{2150E333-8FDC-42A3-9474-1A3956D46DE8}") = "MicroServiceLayer", "MicroServiceLayer", "{C572D333-832D-4DA9-B27E-B86F0E3A5F9E}"
EndProject
Project("{2150E333-8FDC-42A3-9474-1A3956D46DE8}") = "ExchangeLayer", "ExchangeLayer", "{2F9A4544-91E2-46BE-B35A-8EA555371480}"
EndProject
Project("{2150E333-8FDC-42A3-9474-1A3956D46DE8}") = "ServiceBus", "ServiceBus", "{DC97E5A5-A7CC-4296-850C-5F2AF6229135}"
EndProject
Project("{FAE04EC0-301F-11D3-BF4B-00C04F79EFBC}") = "Exchange", "ExchangeLayer\Exchange\Exchange.csproj", "{6A9FB8DF-333A-43DF-9FB0-C6BAE0520CD8}"
EndProject
Project("{FAE04EC0-301F-11D3-BF4B-00C04F79EFBC}") = "CustomerMicroService", "MicroServicesLayer\MicroService.Customer\CustomerMicroService\CustomerMicroService.csproj", "{488DC980-986E-4F49-A220-07A359A39289}"
EndProject
Project("{FAE04EC0-301F-11D3-BF4B-00C04F79EFBC}") = "MicroService.Individual", "MicroServicesLayer\MicroService.Individual\MicroService.Individual.csproj", "{63BEC235-1808-449E-B2CD-063982C287CC}"
EndProject
Global
	GlobalSection(SolutionConfigurationPlatforms) = preSolution
		Debug|Any CPU = Debug|Any CPU
		Release|Any CPU = Release|Any CPU
	EndGlobalSection
	GlobalSection(ProjectConfigurationPlatforms) = postSolution
		{26A0D3F6-6D83-4223-A306-8FEE90D886E0}.Debug|Any CPU.ActiveCfg = Debug|Any CPU
		{26A0D3F6-6D83-4223-A306-8FEE90D886E0}.Debug|Any CPU.Build.0 = Debug|Any CPU
		{26A0D3F6-6D83-4223-A306-8FEE90D886E0}.Debug|Any CPU.Deploy.0 = Debug|Any CPU
		{26A0D3F6-6D83-4223-A306-8FEE90D886E0}.Release|Any CPU.ActiveCfg = Release|Any CPU
		{26A0D3F6-6D83-4223-A306-8FEE90D886E0}.Release|Any CPU.Build.0 = Release|Any CPU
		{26A0D3F6-6D83-4223-A306-8FEE90D886E0}.Release|Any CPU.Deploy.0 = Release|Any CPU
		{1BC1AE1E-D804-48F4-BB2C-7AC07BB47945}.Debug|Any CPU.ActiveCfg = Debug|Any CPU
		{1BC1AE1E-D804-48F4-BB2C-7AC07BB47945}.Debug|Any CPU.Build.0 = Debug|Any CPU
		{1BC1AE1E-D804-48F4-BB2C-7AC07BB47945}.Release|Any CPU.ActiveCfg = Release|Any CPU
		{1BC1AE1E-D804-48F4-BB2C-7AC07BB47945}.Release|Any CPU.Build.0 = Release|Any CPU
		{4EA595D9-1F0C-444A-A53C-44A5CBEA6D39}.Debug|Any CPU.ActiveCfg = Debug|Any CPU
		{4EA595D9-1F0C-444A-A53C-44A5CBEA6D39}.Debug|Any CPU.Build.0 = Debug|Any CPU
		{4EA595D9-1F0C-444A-A53C-44A5CBEA6D39}.Release|Any CPU.ActiveCfg = Release|Any CPU
		{4EA595D9-1F0C-444A-A53C-44A5CBEA6D39}.Release|Any CPU.Build.0 = Release|Any CPU
		{EACC5242-5278-4AE3-9AB7-CBB40786E970}.Debug|Any CPU.ActiveCfg = Debug|Any CPU
		{EACC5242-5278-4AE3-9AB7-CBB40786E970}.Debug|Any CPU.Build.0 = Debug|Any CPU
		{EACC5242-5278-4AE3-9AB7-CBB40786E970}.Release|Any CPU.ActiveCfg = Release|Any CPU
		{EACC5242-5278-4AE3-9AB7-CBB40786E970}.Release|Any CPU.Build.0 = Release|Any CPU
		{AB2B1806-43F5-4C14-9C79-969C1EC10B85}.Debug|Any CPU.ActiveCfg = Debug|Any CPU
		{AB2B1806-43F5-4C14-9C79-969C1EC10B85}.Debug|Any CPU.Build.0 = Debug|Any CPU
		{AB2B1806-43F5-4C14-9C79-969C1EC10B85}.Release|Any CPU.ActiveCfg = Release|Any CPU
		{AB2B1806-43F5-4C14-9C79-969C1EC10B85}.Release|Any CPU.Build.0 = Release|Any CPU
		{176AF812-811A-44D3-AE15-8E58E4A0E799}.Debug|Any CPU.ActiveCfg = Debug|Any CPU
		{176AF812-811A-44D3-AE15-8E58E4A0E799}.Debug|Any CPU.Build.0 = Debug|Any CPU
		{176AF812-811A-44D3-AE15-8E58E4A0E799}.Release|Any CPU.ActiveCfg = Release|Any CPU
		{176AF812-811A-44D3-AE15-8E58E4A0E799}.Release|Any CPU.Build.0 = Release|Any CPU
		{BBBE0F0F-7121-4F46-9240-D605DD4B8620}.Debug|Any CPU.ActiveCfg = Debug|Any CPU
		{BBBE0F0F-7121-4F46-9240-D605DD4B8620}.Debug|Any CPU.Build.0 = Debug|Any CPU
		{BBBE0F0F-7121-4F46-9240-D605DD4B8620}.Release|Any CPU.ActiveCfg = Release|Any CPU
		{BBBE0F0F-7121-4F46-9240-D605DD4B8620}.Release|Any CPU.Build.0 = Release|Any CPU
		{31D92843-8E00-4F80-ACB7-C8C53CFFD0B2}.Debug|Any CPU.ActiveCfg = Debug|Any CPU
		{31D92843-8E00-4F80-ACB7-C8C53CFFD0B2}.Debug|Any CPU.Build.0 = Debug|Any CPU
		{31D92843-8E00-4F80-ACB7-C8C53CFFD0B2}.Release|Any CPU.ActiveCfg = Release|Any CPU
		{31D92843-8E00-4F80-ACB7-C8C53CFFD0B2}.Release|Any CPU.Build.0 = Release|Any CPU
		{B88D7BB3-C25C-40F8-9087-2AA373CB7493}.Debug|Any CPU.ActiveCfg = Debug|Any CPU
		{B88D7BB3-C25C-40F8-9087-2AA373CB7493}.Debug|Any CPU.Build.0 = Debug|Any CPU
		{B88D7BB3-C25C-40F8-9087-2AA373CB7493}.Release|Any CPU.ActiveCfg = Release|Any CPU
		{B88D7BB3-C25C-40F8-9087-2AA373CB7493}.Release|Any CPU.Build.0 = Release|Any CPU
		{25734A17-0D2F-42A2-87C6-1AE1DCCB9CE4}.Debug|Any CPU.ActiveCfg = Debug|Any CPU
		{25734A17-0D2F-42A2-87C6-1AE1DCCB9CE4}.Debug|Any CPU.Build.0 = Debug|Any CPU
		{25734A17-0D2F-42A2-87C6-1AE1DCCB9CE4}.Release|Any CPU.ActiveCfg = Release|Any CPU
		{25734A17-0D2F-42A2-87C6-1AE1DCCB9CE4}.Release|Any CPU.Build.0 = Release|Any CPU
		{62AB1CE3-B42B-461D-936B-EBF38440FCAB}.Debug|Any CPU.ActiveCfg = Debug|Any CPU
		{62AB1CE3-B42B-461D-936B-EBF38440FCAB}.Debug|Any CPU.Build.0 = Debug|Any CPU
		{62AB1CE3-B42B-461D-936B-EBF38440FCAB}.Release|Any CPU.ActiveCfg = Release|Any CPU
		{62AB1CE3-B42B-461D-936B-EBF38440FCAB}.Release|Any CPU.Build.0 = Release|Any CPU
		{6A9FB8DF-333A-43DF-9FB0-C6BAE0520CD8}.Debug|Any CPU.ActiveCfg = Debug|Any CPU
		{6A9FB8DF-333A-43DF-9FB0-C6BAE0520CD8}.Debug|Any CPU.Build.0 = Debug|Any CPU
		{6A9FB8DF-333A-43DF-9FB0-C6BAE0520CD8}.Release|Any CPU.ActiveCfg = Release|Any CPU
		{6A9FB8DF-333A-43DF-9FB0-C6BAE0520CD8}.Release|Any CPU.Build.0 = Release|Any CPU
		{488DC980-986E-4F49-A220-07A359A39289}.Debug|Any CPU.ActiveCfg = Debug|Any CPU
		{488DC980-986E-4F49-A220-07A359A39289}.Debug|Any CPU.Build.0 = Debug|Any CPU
		{488DC980-986E-4F49-A220-07A359A39289}.Release|Any CPU.ActiveCfg = Release|Any CPU
		{488DC980-986E-4F49-A220-07A359A39289}.Release|Any CPU.Build.0 = Release|Any CPU
		{63BEC235-1808-449E-B2CD-063982C287CC}.Debug|Any CPU.ActiveCfg = Debug|Any CPU
		{63BEC235-1808-449E-B2CD-063982C287CC}.Debug|Any CPU.Build.0 = Debug|Any CPU
		{63BEC235-1808-449E-B2CD-063982C287CC}.Release|Any CPU.ActiveCfg = Release|Any CPU
		{63BEC235-1808-449E-B2CD-063982C287CC}.Release|Any CPU.Build.0 = Release|Any CPU
	EndGlobalSection
	GlobalSection(SolutionProperties) = preSolution
		HideSolutionNode = FALSE
	EndGlobalSection
	GlobalSection(NestedProjects) = preSolution
		{1BC1AE1E-D804-48F4-BB2C-7AC07BB47945} = {30AB2B1B-0B93-4BC8-A5D0-674514311251}
		{4EA595D9-1F0C-444A-A53C-44A5CBEA6D39} = {B00215D6-2FD5-443E-BA61-7CE070148FA1}
		{EACC5242-5278-4AE3-9AB7-CBB40786E970} = {B00215D6-2FD5-443E-BA61-7CE070148FA1}
		{AB2B1806-43F5-4C14-9C79-969C1EC10B85} = {C6835E4C-8B78-42D9-9043-8110FD1ECF95}
		{176AF812-811A-44D3-AE15-8E58E4A0E799} = {E862C0A8-304E-4E29-8854-23CA1D2A07B2}
		{BBBE0F0F-7121-4F46-9240-D605DD4B8620} = {D18D3AFF-FC6A-4899-903D-ADA9D84AF756}
		{31D92843-8E00-4F80-ACB7-C8C53CFFD0B2} = {D18D3AFF-FC6A-4899-903D-ADA9D84AF756}
		{B88D7BB3-C25C-40F8-9087-2AA373CB7493} = {546340A7-A74C-44CD-8E54-0FF25A621BCD}
		{25734A17-0D2F-42A2-87C6-1AE1DCCB9CE4} = {546340A7-A74C-44CD-8E54-0FF25A621BCD}
		{6A9FB8DF-333A-43DF-9FB0-C6BAE0520CD8} = {2F9A4544-91E2-46BE-B35A-8EA555371480}
		{488DC980-986E-4F49-A220-07A359A39289} = {C572D333-832D-4DA9-B27E-B86F0E3A5F9E}
		{63BEC235-1808-449E-B2CD-063982C287CC} = {C572D333-832D-4DA9-B27E-B86F0E3A5F9E}
	EndGlobalSection
EndGlobal
